
Microsoft Visual Studio Solution File, Format Version 12.00
# Visual Studio Version 17
VisualStudioVersion = 17.5.002.0
MinimumVisualStudioVersion = 10.0.40219.1
Project("{9A19103F-16F7-4668-BE54-9A1E7A4F7556}") = "server", "server\server.csproj", "{BFA7783B-BD32-44D7-9177-60A9FAF17369}"
EndProject
Global
	GlobalSection(SolutionConfigurationPlatforms) = preSolution
		Debug|Any CPU = Debug|Any CPU
		Release|Any CPU = Release|Any CPU
	EndGlobalSection
	GlobalSection(ProjectConfigurationPlatforms) = postSolution
		{BFA7783B-BD32-44D7-9177-60A9FAF17369}.Debug|Any CPU.ActiveCfg = Debug|Any CPU
		{BFA7783B-BD32-44D7-9177-60A9FAF17369}.Debug|Any CPU.Build.0 = Debug|Any CPU
		{BFA7783B-BD32-44D7-9177-60A9FAF17369}.Release|Any CPU.ActiveCfg = Release|Any CPU
		{BFA7783B-BD32-44D7-9177-60A9FAF17369}.Release|Any CPU.Build.0 = Release|Any CPU
	EndGlobalSection
	GlobalSection(SolutionProperties) = preSolution
		HideSolutionNode = FALSE
	EndGlobalSection
	GlobalSection(ExtensibilityGlobals) = postSolution
		SolutionGuid = {569C7984-9381-45F9-AF4B-49AF5E77FA99}
	EndGlobalSection
EndGlobal
